
Microsoft Visual Studio Solution File, Format Version 12.00
# Visual Studio 15
VisualStudioVersion = 15.0.27428.2037
MinimumVisualStudioVersion = 10.0.40219.1
Project("{888888A0-9F3D-457C-B088-3A5042F75D52}") = "BlackBird", "BlackBird.pyproj", "{306F3A22-70D1-4860-9B87-C4EA9B92DC20}"
EndProject
Global
	GlobalSection(SolutionConfigurationPlatforms) = preSolution
		Debug|Any CPU = Debug|Any CPU
		Release|Any CPU = Release|Any CPU
	EndGlobalSection
	GlobalSection(ProjectConfigurationPlatforms) = postSolution
		{306F3A22-70D1-4860-9B87-C4EA9B92DC20}.Debug|Any CPU.ActiveCfg = Debug|Any CPU
		{306F3A22-70D1-4860-9B87-C4EA9B92DC20}.Release|Any CPU.ActiveCfg = Release|Any CPU
	EndGlobalSection
	GlobalSection(SolutionProperties) = preSolution
		HideSolutionNode = FALSE
	EndGlobalSection
	GlobalSection(ExtensibilityGlobals) = postSolution
		SolutionGuid = {705DEBD0-CDAA-4E0A-8512-B27B11AEE07A}
	EndGlobalSection
EndGlobal
